
Microsoft Visual Studio Solution File, Format Version 12.00
# Visual Studio 15
VisualStudioVersion = 15.0.26228.9
MinimumVisualStudioVersion = 10.0.40219.1
Project("{FAE04EC0-301F-11D3-BF4B-00C04F79EFBC}") = "Condai.Web", "..\Condai.Website\Condai.Web.csproj", "{3A708F14-D213-4E6C-A4D6-A712F9A00D60}"
EndProject
Project("{FAE04EC0-301F-11D3-BF4B-00C04F79EFBC}") = "Condai.BLL", "..\..\Condai.DLL\Condai.BLL\Condai.BLL.csproj", "{AD39A329-CF3D-489C-A454-9A9BADD99863}"
EndProject
Project("{FAE04EC0-301F-11D3-BF4B-00C04F79EFBC}") = "Condai.DAL", "..\..\Condai.DLL\Condai.DAL\Condai.DAL.csproj", "{92EA781F-B151-41CC-A1D4-0D65B3469225}"
EndProject
Project("{FAE04EC0-301F-11D3-BF4B-00C04F79EFBC}") = "Condai.Entity", "..\..\Condai.DLL\Condai.Entity\Condai.Entity.csproj", "{167634E7-769B-4C2C-BD4A-B2D62C6900BE}"
EndProject
Project("{FAE04EC0-301F-11D3-BF4B-00C04F79EFBC}") = "Condai.Console", "..\..\Condai.Console\Condai.Console.csproj", "{2C799DCD-B569-4B5E-863A-FB0E8069CB88}"
EndProject
Project("{FAE04EC0-301F-11D3-BF4B-00C04F79EFBC}") = "Condai.Web.Test", "..\Condai.Test\Condai.Web.Test.csproj", "{B818356B-58E9-4024-85F1-B3FFB47F2AD1}"
EndProject
Project("{2150E333-8FDC-42A3-9474-1A3956D46DE8}") = "A - Console", "A - Console", "{EEB6122E-2FDA-4125-BDF9-5A63F8F8B7F5}"
EndProject
Project("{2150E333-8FDC-42A3-9474-1A3956D46DE8}") = "Condai.Web", "Condai.Web", "{9431340D-1DA9-4CB0-A3F4-E35545EB2BF6}"
EndProject
Project("{FAE04EC0-301F-11D3-BF4B-00C04F79EFBC}") = "Condai.Tools", "..\..\Condai.DLL\Condai.Tools\Condai.Tools.csproj", "{3D80D699-A3BF-48F2-9535-D5FC27E3B822}"
EndProject
Project("{FAE04EC0-301F-11D3-BF4B-00C04F79EFBC}") = "Condai.Almacenamiento", "..\..\Condai.DLL\Condai.Almacenamiento\Condai.Almacenamiento.csproj", "{78D9FD98-2C16-48A7-B838-98EE750D7C8E}"
EndProject
Project("{2150E333-8FDC-42A3-9474-1A3956D46DE8}") = "Condai.DAL", "Condai.DAL", "{2B1BEA34-5846-4BD4-912A-0F4D3837B6C6}"
EndProject
Project("{2150E333-8FDC-42A3-9474-1A3956D46DE8}") = "Condai.BLL", "Condai.BLL", "{11B00A6B-8048-47C3-80D7-96389F307F0B}"
EndProject
Project("{2150E333-8FDC-42A3-9474-1A3956D46DE8}") = "Condai.Entity", "Condai.Entity", "{B8028C96-859C-4EE4-AF4C-4BD250DF38C0}"
EndProject
Project("{FAE04EC0-301F-11D3-BF4B-00C04F79EFBC}") = "Condai.Application", "..\Condai.Application\Condai.Application.csproj", "{9B000866-00FB-4EA5-BD82-846892D91162}"
EndProject
Project("{FAE04EC0-301F-11D3-BF4B-00C04F79EFBC}") = "Condai.WebApi", "..\..\Condai.WebApi\Condai.WebApi.csproj", "{16C01DDB-6C50-41AD-B3DE-4B39C338C102}"
EndProject
Project("{2150E333-8FDC-42A3-9474-1A3956D46DE8}") = "Condai.REST", "Condai.REST", "{88062984-2545-4666-83BC-9198F9B9BB8E}"
EndProject
Project("{2150E333-8FDC-42A3-9474-1A3956D46DE8}") = "Condai.Web.Legacy", "Condai.Web.Legacy", "{B3A0E4E2-94CA-407C-8251-7C59659B1E32}"
EndProject
Global
	GlobalSection(SolutionConfigurationPlatforms) = preSolution
		Debug|Any CPU = Debug|Any CPU
		Debug|x86 = Debug|x86
		Release|Any CPU = Release|Any CPU
		Release|x86 = Release|x86
	EndGlobalSection
	GlobalSection(ProjectConfigurationPlatforms) = postSolution
		{3A708F14-D213-4E6C-A4D6-A712F9A00D60}.Debug|Any CPU.ActiveCfg = Debug|Any CPU
		{3A708F14-D213-4E6C-A4D6-A712F9A00D60}.Debug|Any CPU.Build.0 = Debug|Any CPU
		{3A708F14-D213-4E6C-A4D6-A712F9A00D60}.Debug|x86.ActiveCfg = Debug|Any CPU
		{3A708F14-D213-4E6C-A4D6-A712F9A00D60}.Release|Any CPU.ActiveCfg = Release|Any CPU
		{3A708F14-D213-4E6C-A4D6-A712F9A00D60}.Release|Any CPU.Build.0 = Release|Any CPU
		{3A708F14-D213-4E6C-A4D6-A712F9A00D60}.Release|x86.ActiveCfg = Release|Any CPU
		{AD39A329-CF3D-489C-A454-9A9BADD99863}.Debug|Any CPU.ActiveCfg = Debug|Any CPU
		{AD39A329-CF3D-489C-A454-9A9BADD99863}.Debug|Any CPU.Build.0 = Debug|Any CPU
		{AD39A329-CF3D-489C-A454-9A9BADD99863}.Debug|x86.ActiveCfg = Debug|Any CPU
		{AD39A329-CF3D-489C-A454-9A9BADD99863}.Release|Any CPU.ActiveCfg = Release|Any CPU
		{AD39A329-CF3D-489C-A454-9A9BADD99863}.Release|Any CPU.Build.0 = Release|Any CPU
		{AD39A329-CF3D-489C-A454-9A9BADD99863}.Release|x86.ActiveCfg = Release|Any CPU
		{92EA781F-B151-41CC-A1D4-0D65B3469225}.Debug|Any CPU.ActiveCfg = Debug|Any CPU
		{92EA781F-B151-41CC-A1D4-0D65B3469225}.Debug|Any CPU.Build.0 = Debug|Any CPU
		{92EA781F-B151-41CC-A1D4-0D65B3469225}.Debug|x86.ActiveCfg = Debug|Any CPU
		{92EA781F-B151-41CC-A1D4-0D65B3469225}.Release|Any CPU.ActiveCfg = Release|Any CPU
		{92EA781F-B151-41CC-A1D4-0D65B3469225}.Release|Any CPU.Build.0 = Release|Any CPU
		{92EA781F-B151-41CC-A1D4-0D65B3469225}.Release|x86.ActiveCfg = Release|Any CPU
		{167634E7-769B-4C2C-BD4A-B2D62C6900BE}.Debug|Any CPU.ActiveCfg = Debug|Any CPU
		{167634E7-769B-4C2C-BD4A-B2D62C6900BE}.Debug|Any CPU.Build.0 = Debug|Any CPU
		{167634E7-769B-4C2C-BD4A-B2D62C6900BE}.Debug|x86.ActiveCfg = Debug|Any CPU
		{167634E7-769B-4C2C-BD4A-B2D62C6900BE}.Release|Any CPU.ActiveCfg = Release|Any CPU
		{167634E7-769B-4C2C-BD4A-B2D62C6900BE}.Release|Any CPU.Build.0 = Release|Any CPU
		{167634E7-769B-4C2C-BD4A-B2D62C6900BE}.Release|x86.ActiveCfg = Release|Any CPU
		{2C799DCD-B569-4B5E-863A-FB0E8069CB88}.Debug|Any CPU.ActiveCfg = Debug|Any CPU
		{2C799DCD-B569-4B5E-863A-FB0E8069CB88}.Debug|Any CPU.Build.0 = Debug|Any CPU
		{2C799DCD-B569-4B5E-863A-FB0E8069CB88}.Debug|x86.ActiveCfg = Debug|Any CPU
		{2C799DCD-B569-4B5E-863A-FB0E8069CB88}.Release|Any CPU.ActiveCfg = Release|Any CPU
		{2C799DCD-B569-4B5E-863A-FB0E8069CB88}.Release|Any CPU.Build.0 = Release|Any CPU
		{2C799DCD-B569-4B5E-863A-FB0E8069CB88}.Release|x86.ActiveCfg = Release|Any CPU
		{B818356B-58E9-4024-85F1-B3FFB47F2AD1}.Debug|Any CPU.ActiveCfg = Debug|Any CPU
		{B818356B-58E9-4024-85F1-B3FFB47F2AD1}.Debug|Any CPU.Build.0 = Debug|Any CPU
		{B818356B-58E9-4024-85F1-B3FFB47F2AD1}.Debug|x86.ActiveCfg = Debug|Any CPU
		{B818356B-58E9-4024-85F1-B3FFB47F2AD1}.Release|Any CPU.ActiveCfg = Release|Any CPU
		{B818356B-58E9-4024-85F1-B3FFB47F2AD1}.Release|Any CPU.Build.0 = Release|Any CPU
		{B818356B-58E9-4024-85F1-B3FFB47F2AD1}.Release|x86.ActiveCfg = Release|Any CPU
		{3D80D699-A3BF-48F2-9535-D5FC27E3B822}.Debug|Any CPU.ActiveCfg = Debug|Any CPU
		{3D80D699-A3BF-48F2-9535-D5FC27E3B822}.Debug|Any CPU.Build.0 = Debug|Any CPU
		{3D80D699-A3BF-48F2-9535-D5FC27E3B822}.Debug|x86.ActiveCfg = Debug|Any CPU
		{3D80D699-A3BF-48F2-9535-D5FC27E3B822}.Release|Any CPU.ActiveCfg = Release|Any CPU
		{3D80D699-A3BF-48F2-9535-D5FC27E3B822}.Release|Any CPU.Build.0 = Release|Any CPU
		{3D80D699-A3BF-48F2-9535-D5FC27E3B822}.Release|x86.ActiveCfg = Release|Any CPU
		{78D9FD98-2C16-48A7-B838-98EE750D7C8E}.Debug|Any CPU.ActiveCfg = Debug|Any CPU
		{78D9FD98-2C16-48A7-B838-98EE750D7C8E}.Debug|Any CPU.Build.0 = Debug|Any CPU
		{78D9FD98-2C16-48A7-B838-98EE750D7C8E}.Debug|x86.ActiveCfg = Debug|Any CPU
		{78D9FD98-2C16-48A7-B838-98EE750D7C8E}.Release|Any CPU.ActiveCfg = Release|Any CPU
		{78D9FD98-2C16-48A7-B838-98EE750D7C8E}.Release|Any CPU.Build.0 = Release|Any CPU
		{78D9FD98-2C16-48A7-B838-98EE750D7C8E}.Release|x86.ActiveCfg = Release|Any CPU
		{9B000866-00FB-4EA5-BD82-846892D91162}.Debug|Any CPU.ActiveCfg = Debug|Any CPU
		{9B000866-00FB-4EA5-BD82-846892D91162}.Debug|Any CPU.Build.0 = Debug|Any CPU
		{9B000866-00FB-4EA5-BD82-846892D91162}.Debug|x86.ActiveCfg = Debug|Any CPU
		{9B000866-00FB-4EA5-BD82-846892D91162}.Debug|x86.Build.0 = Debug|Any CPU
		{9B000866-00FB-4EA5-BD82-846892D91162}.Release|Any CPU.ActiveCfg = Release|Any CPU
		{9B000866-00FB-4EA5-BD82-846892D91162}.Release|Any CPU.Build.0 = Release|Any CPU
		{9B000866-00FB-4EA5-BD82-846892D91162}.Release|x86.ActiveCfg = Release|Any CPU
		{9B000866-00FB-4EA5-BD82-846892D91162}.Release|x86.Build.0 = Release|Any CPU
		{16C01DDB-6C50-41AD-B3DE-4B39C338C102}.Debug|Any CPU.ActiveCfg = Debug|Any CPU
		{16C01DDB-6C50-41AD-B3DE-4B39C338C102}.Debug|Any CPU.Build.0 = Debug|Any CPU
		{16C01DDB-6C50-41AD-B3DE-4B39C338C102}.Debug|x86.ActiveCfg = Debug|Any CPU
		{16C01DDB-6C50-41AD-B3DE-4B39C338C102}.Debug|x86.Build.0 = Debug|Any CPU
		{16C01DDB-6C50-41AD-B3DE-4B39C338C102}.Release|Any CPU.ActiveCfg = Release|Any CPU
		{16C01DDB-6C50-41AD-B3DE-4B39C338C102}.Release|Any CPU.Build.0 = Release|Any CPU
		{16C01DDB-6C50-41AD-B3DE-4B39C338C102}.Release|x86.ActiveCfg = Release|Any CPU
		{16C01DDB-6C50-41AD-B3DE-4B39C338C102}.Release|x86.Build.0 = Release|Any CPU
	EndGlobalSection
	GlobalSection(SolutionProperties) = preSolution
		HideSolutionNode = FALSE
	EndGlobalSection
	GlobalSection(NestedProjects) = preSolution
		{3A708F14-D213-4E6C-A4D6-A712F9A00D60} = {B3A0E4E2-94CA-407C-8251-7C59659B1E32}
		{AD39A329-CF3D-489C-A454-9A9BADD99863} = {11B00A6B-8048-47C3-80D7-96389F307F0B}
		{92EA781F-B151-41CC-A1D4-0D65B3469225} = {2B1BEA34-5846-4BD4-912A-0F4D3837B6C6}
		{167634E7-769B-4C2C-BD4A-B2D62C6900BE} = {B8028C96-859C-4EE4-AF4C-4BD250DF38C0}
		{2C799DCD-B569-4B5E-863A-FB0E8069CB88} = {EEB6122E-2FDA-4125-BDF9-5A63F8F8B7F5}
		{B818356B-58E9-4024-85F1-B3FFB47F2AD1} = {EEB6122E-2FDA-4125-BDF9-5A63F8F8B7F5}
		{3D80D699-A3BF-48F2-9535-D5FC27E3B822} = {11B00A6B-8048-47C3-80D7-96389F307F0B}
		{78D9FD98-2C16-48A7-B838-98EE750D7C8E} = {11B00A6B-8048-47C3-80D7-96389F307F0B}
		{9B000866-00FB-4EA5-BD82-846892D91162} = {EEB6122E-2FDA-4125-BDF9-5A63F8F8B7F5}
		{16C01DDB-6C50-41AD-B3DE-4B39C338C102} = {88062984-2545-4666-83BC-9198F9B9BB8E}
	EndGlobalSection
	GlobalSection(SubversionScc) = preSolution
		Svn-Managed = True
		Manager = AnkhSVN - Subversion Support for Visual Studio
	EndGlobalSection
EndGlobal
